
Microsoft Visual Studio Solution File, Format Version 12.00
# Visual Studio 15
VisualStudioVersion = 15.0.28307.757
MinimumVisualStudioVersion = 10.0.40219.1
Project("{FAE04EC0-301F-11D3-BF4B-00C04F79EFBC}") = "SortingDemoVisual", "SortingDemoVisual\SortingDemoVisual.csproj", "{D4D3588F-D53E-4886-8342-A6C1EF21C97E}"
EndProject
Global
	GlobalSection(SolutionConfigurationPlatforms) = preSolution
		Debug|Any CPU = Debug|Any CPU
		Release|Any CPU = Release|Any CPU
	EndGlobalSection
	GlobalSection(ProjectConfigurationPlatforms) = postSolution
		{D4D3588F-D53E-4886-8342-A6C1EF21C97E}.Debug|Any CPU.ActiveCfg = Debug|Any CPU
		{D4D3588F-D53E-4886-8342-A6C1EF21C97E}.Debug|Any CPU.Build.0 = Debug|Any CPU
		{D4D3588F-D53E-4886-8342-A6C1EF21C97E}.Release|Any CPU.ActiveCfg = Release|Any CPU
		{D4D3588F-D53E-4886-8342-A6C1EF21C97E}.Release|Any CPU.Build.0 = Release|Any CPU
	EndGlobalSection
	GlobalSection(SolutionProperties) = preSolution
		HideSolutionNode = FALSE
	EndGlobalSection
	GlobalSection(ExtensibilityGlobals) = postSolution
		SolutionGuid = {67CFDB1A-E22C-448A-9B05-CC38D4CEFA0B}
	EndGlobalSection
EndGlobal
